
Microsoft Visual Studio Solution File, Format Version 12.00
# Visual Studio Version 17
VisualStudioVersion = 17.8.34330.188
MinimumVisualStudioVersion = 10.0.40219.1
Project("{9A19103F-16F7-4668-BE54-9A1E7A4F7556}") = "Workaround", "Workaround\Workaround.csproj", "{45CE2A52-1C9F-4E45-A5B3-A5F5851438B2}"
EndProject
Project("{9A19103F-16F7-4668-BE54-9A1E7A4F7556}") = "Entities", "Entities\Entities.csproj", "{C791C620-0161-4773-8A20-D18F0861B21C}"
EndProject
Project("{FAE04EC0-301F-11D3-BF4B-00C04F79EFBC}") = "Business", "Business\Business.csproj", "{154C8E7F-8BF1-452A-9FF4-60D3C9E4DD79}"
EndProject
Project("{FAE04EC0-301F-11D3-BF4B-00C04F79EFBC}") = "Notlar", "Notlar\Notlar.csproj", "{2A82EC5D-EBFA-4504-9A19-8182E80F0650}"
EndProject
Global
	GlobalSection(SolutionConfigurationPlatforms) = preSolution
		Debug|Any CPU = Debug|Any CPU
		Release|Any CPU = Release|Any CPU
	EndGlobalSection
	GlobalSection(ProjectConfigurationPlatforms) = postSolution
		{45CE2A52-1C9F-4E45-A5B3-A5F5851438B2}.Debug|Any CPU.ActiveCfg = Debug|Any CPU
		{45CE2A52-1C9F-4E45-A5B3-A5F5851438B2}.Debug|Any CPU.Build.0 = Debug|Any CPU
		{45CE2A52-1C9F-4E45-A5B3-A5F5851438B2}.Release|Any CPU.ActiveCfg = Release|Any CPU
		{45CE2A52-1C9F-4E45-A5B3-A5F5851438B2}.Release|Any CPU.Build.0 = Release|Any CPU
		{C791C620-0161-4773-8A20-D18F0861B21C}.Debug|Any CPU.ActiveCfg = Debug|Any CPU
		{C791C620-0161-4773-8A20-D18F0861B21C}.Debug|Any CPU.Build.0 = Debug|Any CPU
		{C791C620-0161-4773-8A20-D18F0861B21C}.Release|Any CPU.ActiveCfg = Release|Any CPU
		{C791C620-0161-4773-8A20-D18F0861B21C}.Release|Any CPU.Build.0 = Release|Any CPU
		{154C8E7F-8BF1-452A-9FF4-60D3C9E4DD79}.Debug|Any CPU.ActiveCfg = Debug|Any CPU
		{154C8E7F-8BF1-452A-9FF4-60D3C9E4DD79}.Debug|Any CPU.Build.0 = Debug|Any CPU
		{154C8E7F-8BF1-452A-9FF4-60D3C9E4DD79}.Release|Any CPU.ActiveCfg = Release|Any CPU
		{154C8E7F-8BF1-452A-9FF4-60D3C9E4DD79}.Release|Any CPU.Build.0 = Release|Any CPU
		{2A82EC5D-EBFA-4504-9A19-8182E80F0650}.Debug|Any CPU.ActiveCfg = Debug|Any CPU
		{2A82EC5D-EBFA-4504-9A19-8182E80F0650}.Debug|Any CPU.Build.0 = Debug|Any CPU
		{2A82EC5D-EBFA-4504-9A19-8182E80F0650}.Release|Any CPU.ActiveCfg = Release|Any CPU
		{2A82EC5D-EBFA-4504-9A19-8182E80F0650}.Release|Any CPU.Build.0 = Release|Any CPU
	EndGlobalSection
	GlobalSection(SolutionProperties) = preSolution
		HideSolutionNode = FALSE
	EndGlobalSection
	GlobalSection(ExtensibilityGlobals) = postSolution
		SolutionGuid = {E374CFB8-E5F9-45A2-B200-8D192854D5AA}
	EndGlobalSection
EndGlobal
